
Microsoft Visual Studio Solution File, Format Version 12.00
# Visual Studio Version 17
VisualStudioVersion = 17.0.32014.148
MinimumVisualStudioVersion = 10.0.40219.1
Project("{00D1A9C2-B5F0-4AF3-8072-F6C62B433612}") = "TRMData", "TRMData\TRMData.sqlproj", "{7C81D3F8-F686-4FE3-9A08-E779F0D679A0}"
EndProject
Project("{9A19103F-16F7-4668-BE54-9A1E7A4F7556}") = "TRMDesktopUI", "TRMDesktopUI\TRMDesktopUI.csproj", "{B13A214C-2D2B-42BC-ABFE-11362C16632D}"
EndProject
Project("{9A19103F-16F7-4668-BE54-9A1E7A4F7556}") = "TRMDataManager.Library", "TRMDataManager.Library\TRMDataManager.Library.csproj", "{E96EA623-33D2-486D-BCD7-B92F80DA7F57}"
EndProject
Project("{9A19103F-16F7-4668-BE54-9A1E7A4F7556}") = "TRMDesktopUI.Library", "TRMDesktopUI.Library\TRMDesktopUI.Library.csproj", "{A96D44BB-FAD7-45E9-AF0C-78037FBC59B5}"
EndProject
Project("{2150E333-8FDC-42A3-9474-1A3956D46DE8}") = "Database", "Database", "{6F75010A-7D47-4D73-A39C-7F188BDED643}"
EndProject
Project("{2150E333-8FDC-42A3-9474-1A3956D46DE8}") = "API", "API", "{AFBEAAF5-90C3-4803-933C-4192C5BD717D}"
EndProject
Project("{2150E333-8FDC-42A3-9474-1A3956D46DE8}") = "WPF", "WPF", "{036ADCD8-B341-4514-B11A-B2E48EDBF4C7}"
EndProject
Project("{9A19103F-16F7-4668-BE54-9A1E7A4F7556}") = "TRMApi", "TRMApi\TRMApi.csproj", "{F5BE166B-206E-4117-9666-4EA1D684A9E3}"
EndProject
Project("{2150E333-8FDC-42A3-9474-1A3956D46DE8}") = "WebApps", "WebApps", "{DFC06F7A-B092-41B5-9F1B-2B2096727B3E}"
EndProject
Project("{9A19103F-16F7-4668-BE54-9A1E7A4F7556}") = "Portal", "Portal\Portal.csproj", "{68D777FC-976D-4B45-A9C6-0886261B0576}"
EndProject
Global
	GlobalSection(SolutionConfigurationPlatforms) = preSolution
		Debug|Any CPU = Debug|Any CPU
		Release|Any CPU = Release|Any CPU
	EndGlobalSection
	GlobalSection(ProjectConfigurationPlatforms) = postSolution
		{7C81D3F8-F686-4FE3-9A08-E779F0D679A0}.Debug|Any CPU.ActiveCfg = Debug|Any CPU
		{7C81D3F8-F686-4FE3-9A08-E779F0D679A0}.Debug|Any CPU.Build.0 = Debug|Any CPU
		{7C81D3F8-F686-4FE3-9A08-E779F0D679A0}.Debug|Any CPU.Deploy.0 = Debug|Any CPU
		{7C81D3F8-F686-4FE3-9A08-E779F0D679A0}.Release|Any CPU.ActiveCfg = Release|Any CPU
		{7C81D3F8-F686-4FE3-9A08-E779F0D679A0}.Release|Any CPU.Build.0 = Release|Any CPU
		{7C81D3F8-F686-4FE3-9A08-E779F0D679A0}.Release|Any CPU.Deploy.0 = Release|Any CPU
		{B13A214C-2D2B-42BC-ABFE-11362C16632D}.Debug|Any CPU.ActiveCfg = Debug|Any CPU
		{B13A214C-2D2B-42BC-ABFE-11362C16632D}.Debug|Any CPU.Build.0 = Debug|Any CPU
		{B13A214C-2D2B-42BC-ABFE-11362C16632D}.Release|Any CPU.ActiveCfg = Release|Any CPU
		{B13A214C-2D2B-42BC-ABFE-11362C16632D}.Release|Any CPU.Build.0 = Release|Any CPU
		{E96EA623-33D2-486D-BCD7-B92F80DA7F57}.Debug|Any CPU.ActiveCfg = Debug|Any CPU
		{E96EA623-33D2-486D-BCD7-B92F80DA7F57}.Debug|Any CPU.Build.0 = Debug|Any CPU
		{E96EA623-33D2-486D-BCD7-B92F80DA7F57}.Release|Any CPU.ActiveCfg = Release|Any CPU
		{E96EA623-33D2-486D-BCD7-B92F80DA7F57}.Release|Any CPU.Build.0 = Release|Any CPU
		{A96D44BB-FAD7-45E9-AF0C-78037FBC59B5}.Debug|Any CPU.ActiveCfg = Debug|Any CPU
		{A96D44BB-FAD7-45E9-AF0C-78037FBC59B5}.Debug|Any CPU.Build.0 = Debug|Any CPU
		{A96D44BB-FAD7-45E9-AF0C-78037FBC59B5}.Release|Any CPU.ActiveCfg = Release|Any CPU
		{A96D44BB-FAD7-45E9-AF0C-78037FBC59B5}.Release|Any CPU.Build.0 = Release|Any CPU
		{F5BE166B-206E-4117-9666-4EA1D684A9E3}.Debug|Any CPU.ActiveCfg = Debug|Any CPU
		{F5BE166B-206E-4117-9666-4EA1D684A9E3}.Debug|Any CPU.Build.0 = Debug|Any CPU
		{F5BE166B-206E-4117-9666-4EA1D684A9E3}.Release|Any CPU.ActiveCfg = Release|Any CPU
		{F5BE166B-206E-4117-9666-4EA1D684A9E3}.Release|Any CPU.Build.0 = Release|Any CPU
		{68D777FC-976D-4B45-A9C6-0886261B0576}.Debug|Any CPU.ActiveCfg = Debug|Any CPU
		{68D777FC-976D-4B45-A9C6-0886261B0576}.Debug|Any CPU.Build.0 = Debug|Any CPU
		{68D777FC-976D-4B45-A9C6-0886261B0576}.Release|Any CPU.ActiveCfg = Release|Any CPU
		{68D777FC-976D-4B45-A9C6-0886261B0576}.Release|Any CPU.Build.0 = Release|Any CPU
	EndGlobalSection
	GlobalSection(SolutionProperties) = preSolution
		HideSolutionNode = FALSE
	EndGlobalSection
	GlobalSection(NestedProjects) = preSolution
		{7C81D3F8-F686-4FE3-9A08-E779F0D679A0} = {6F75010A-7D47-4D73-A39C-7F188BDED643}
		{B13A214C-2D2B-42BC-ABFE-11362C16632D} = {036ADCD8-B341-4514-B11A-B2E48EDBF4C7}
		{E96EA623-33D2-486D-BCD7-B92F80DA7F57} = {AFBEAAF5-90C3-4803-933C-4192C5BD717D}
		{A96D44BB-FAD7-45E9-AF0C-78037FBC59B5} = {036ADCD8-B341-4514-B11A-B2E48EDBF4C7}
		{F5BE166B-206E-4117-9666-4EA1D684A9E3} = {AFBEAAF5-90C3-4803-933C-4192C5BD717D}
		{68D777FC-976D-4B45-A9C6-0886261B0576} = {DFC06F7A-B092-41B5-9F1B-2B2096727B3E}
	EndGlobalSection
	GlobalSection(ExtensibilityGlobals) = postSolution
		SolutionGuid = {9798B588-15B6-46C1-AF1C-97EF11D2F349}
	EndGlobalSection
EndGlobal
